
Microsoft Visual Studio Solution File, Format Version 12.00
# Visual Studio 14
VisualStudioVersion = 14.0.25420.1
MinimumVisualStudioVersion = 10.0.40219.1
Project("{FAE04EC0-301F-11D3-BF4B-00C04F79EFBC}") = "evidence_osob_sql", "evidence_osob_sql\evidence_osob_sql.csproj", "{F229F365-D409-4EB1-9A07-112D9A677357}"
EndProject
Global
	GlobalSection(SolutionConfigurationPlatforms) = preSolution
		Debug|Any CPU = Debug|Any CPU
		Release|Any CPU = Release|Any CPU
	EndGlobalSection
	GlobalSection(ProjectConfigurationPlatforms) = postSolution
		{F229F365-D409-4EB1-9A07-112D9A677357}.Debug|Any CPU.ActiveCfg = Debug|Any CPU
		{F229F365-D409-4EB1-9A07-112D9A677357}.Debug|Any CPU.Build.0 = Debug|Any CPU
		{F229F365-D409-4EB1-9A07-112D9A677357}.Release|Any CPU.ActiveCfg = Release|Any CPU
		{F229F365-D409-4EB1-9A07-112D9A677357}.Release|Any CPU.Build.0 = Release|Any CPU
	EndGlobalSection
	GlobalSection(SolutionProperties) = preSolution
		HideSolutionNode = FALSE
	EndGlobalSection
EndGlobal
